// !$*UTF8*$!
{
	archiveVersion = 1;
	classes = {
	};
	objectVersion = 56;
	objects = {

/* Begin PBXBuildFile section */
		D18FC4C22C8A786500D1FAE1 /* ImageStorageManager.swift in Sources */ = {isa = PBXBuildFile; fileRef = D18FC4C12C8A786500D1FAE1 /* ImageStorageManager.swift */; };
		D5281E032C7365D900F50728 /* TodoTodoApp.swift in Sources */ = {isa = PBXBuildFile; fileRef = D5281E022C7365D900F50728 /* TodoTodoApp.swift */; };
		D5281E052C7365D900F50728 /* ContentView.swift in Sources */ = {isa = PBXBuildFile; fileRef = D5281E042C7365D900F50728 /* ContentView.swift */; };
		D5281E072C7365DA00F50728 /* Assets.xcassets in Resources */ = {isa = PBXBuildFile; fileRef = D5281E062C7365DA00F50728 /* Assets.xcassets */; };
		D5281E0A2C7365DA00F50728 /* Preview Assets.xcassets in Resources */ = {isa = PBXBuildFile; fileRef = D5281E092C7365DA00F50728 /* Preview Assets.xcassets */; };
		D5281E142C73683D00F50728 /* MainView.swift in Sources */ = {isa = PBXBuildFile; fileRef = D5281E132C73683D00F50728 /* MainView.swift */; };
		D5281E162C73685100F50728 /* BottomNaviView.swift in Sources */ = {isa = PBXBuildFile; fileRef = D5281E152C73685100F50728 /* BottomNaviView.swift */; };
		D5281E182C73686B00F50728 /* AddTodoView.swift in Sources */ = {isa = PBXBuildFile; fileRef = D5281E172C73686B00F50728 /* AddTodoView.swift */; };
		D5281E1A2C7368D000F50728 /* MyPageView.swift in Sources */ = {isa = PBXBuildFile; fileRef = D5281E192C7368CF00F50728 /* MyPageView.swift */; };
		D5281E1D2C7368F100F50728 /* Extension+View.swift in Sources */ = {isa = PBXBuildFile; fileRef = D5281E1C2C7368F100F50728 /* Extension+View.swift */; };
		D5281E202C73692100F50728 /* Toast.swift in Sources */ = {isa = PBXBuildFile; fileRef = D5281E1F2C73692100F50728 /* Toast.swift */; };
		D55838132C74B13200A7B961 /* MainViewModel.swift in Sources */ = {isa = PBXBuildFile; fileRef = D55838122C74B13200A7B961 /* MainViewModel.swift */; };
		D55838152C74B35100A7B961 /* TodoItem.swift in Sources */ = {isa = PBXBuildFile; fileRef = D55838142C74B35100A7B961 /* TodoItem.swift */; };
/* End PBXBuildFile section */

/* Begin PBXFileReference section */
		D18FC4C02C87F81D00D1FAE1 /* Info.plist */ = {isa = PBXFileReference; lastKnownFileType = text.plist; path = Info.plist; sourceTree = "<group>"; };
		D18FC4C12C8A786500D1FAE1 /* ImageStorageManager.swift */ = {isa = PBXFileReference; lastKnownFileType = sourcecode.swift; path = ImageStorageManager.swift; sourceTree = "<group>"; };
		D5281DFF2C7365D900F50728 /* TodoTodo.app */ = {isa = PBXFileReference; explicitFileType = wrapper.application; includeInIndex = 0; path = TodoTodo.app; sourceTree = BUILT_PRODUCTS_DIR; };
		D5281E022C7365D900F50728 /* TodoTodoApp.swift */ = {isa = PBXFileReference; lastKnownFileType = sourcecode.swift; path = TodoTodoApp.swift; sourceTree = "<group>"; };
		D5281E042C7365D900F50728 /* ContentView.swift */ = {isa = PBXFileReference; lastKnownFileType = sourcecode.swift; path = ContentView.swift; sourceTree = "<group>"; };
		D5281E062C7365DA00F50728 /* Assets.xcassets */ = {isa = PBXFileReference; lastKnownFileType = folder.assetcatalog; path = Assets.xcassets; sourceTree = "<group>"; };
		D5281E092C7365DA00F50728 /* Preview Assets.xcassets */ = {isa = PBXFileReference; lastKnownFileType = folder.assetcatalog; path = "Preview Assets.xcassets"; sourceTree = "<group>"; };
		D5281E132C73683D00F50728 /* MainView.swift */ = {isa = PBXFileReference; lastKnownFileType = sourcecode.swift; path = MainView.swift; sourceTree = "<group>"; };
		D5281E152C73685100F50728 /* BottomNaviView.swift */ = {isa = PBXFileReference; lastKnownFileType = sourcecode.swift; path = BottomNaviView.swift; sourceTree = "<group>"; };
		D5281E172C73686B00F50728 /* AddTodoView.swift */ = {isa = PBXFileReference; lastKnownFileType = sourcecode.swift; path = AddTodoView.swift; sourceTree = "<group>"; };
		D5281E192C7368CF00F50728 /* MyPageView.swift */ = {isa = PBXFileReference; lastKnownFileType = sourcecode.swift; path = MyPageView.swift; sourceTree = "<group>"; };
		D5281E1C2C7368F100F50728 /* Extension+View.swift */ = {isa = PBXFileReference; lastKnownFileType = sourcecode.swift; path = "Extension+View.swift"; sourceTree = "<group>"; };
		D5281E1F2C73692100F50728 /* Toast.swift */ = {isa = PBXFileReference; lastKnownFileType = sourcecode.swift; path = Toast.swift; sourceTree = "<group>"; };
		D55838122C74B13200A7B961 /* MainViewModel.swift */ = {isa = PBXFileReference; lastKnownFileType = sourcecode.swift; path = MainViewModel.swift; sourceTree = "<group>"; };
		D55838142C74B35100A7B961 /* TodoItem.swift */ = {isa = PBXFileReference; lastKnownFileType = sourcecode.swift; path = TodoItem.swift; sourceTree = "<group>"; };
/* End PBXFileReference section */

/* Begin PBXFrameworksBuildPhase section */
		D5281DFC2C7365D900F50728 /* Frameworks */ = {
			isa = PBXFrameworksBuildPhase;
			buildActionMask = 2147483647;
			files = (
			);
			runOnlyForDeploymentPostprocessing = 0;
		};
/* End PBXFrameworksBuildPhase section */

/* Begin PBXGroup section */
		D5281DF62C7365D900F50728 = {
			isa = PBXGroup;
			children = (
				D5281E012C7365D900F50728 /* TodoTodo */,
				D5281E002C7365D900F50728 /* Products */,
			);
			sourceTree = "<group>";
		};
		D5281E002C7365D900F50728 /* Products */ = {
			isa = PBXGroup;
			children = (
				D5281DFF2C7365D900F50728 /* TodoTodo.app */,
			);
			name = Products;
			sourceTree = "<group>";
		};
		D5281E012C7365D900F50728 /* TodoTodo */ = {
			isa = PBXGroup;
			children = (
				D18FC4C02C87F81D00D1FAE1 /* Info.plist */,
				D5281E022C7365D900F50728 /* TodoTodoApp.swift */,
				D5281E102C73680500F50728 /* Model */,
				D5281E112C73680F00F50728 /* View */,
				D5281E122C73681900F50728 /* ViewModel */,
				D5281E1B2C7368E100F50728 /* Extension */,
				D5281E1E2C73690600F50728 /* Util */,
				D5281E062C7365DA00F50728 /* Assets.xcassets */,
				D5281E082C7365DA00F50728 /* Preview Content */,
			);
			path = TodoTodo;
			sourceTree = "<group>";
		};
		D5281E082C7365DA00F50728 /* Preview Content */ = {
			isa = PBXGroup;
			children = (
				D5281E092C7365DA00F50728 /* Preview Assets.xcassets */,
			);
			path = "Preview Content";
			sourceTree = "<group>";
		};
		D5281E102C73680500F50728 /* Model */ = {
			isa = PBXGroup;
			children = (
				D55838142C74B35100A7B961 /* TodoItem.swift */,
			);
			path = Model;
			sourceTree = "<group>";
		};
		D5281E112C73680F00F50728 /* View */ = {
			isa = PBXGroup;
			children = (
				D5281E042C7365D900F50728 /* ContentView.swift */,
				D5281E132C73683D00F50728 /* MainView.swift */,
				D5281E152C73685100F50728 /* BottomNaviView.swift */,
				D5281E172C73686B00F50728 /* AddTodoView.swift */,
				D5281E192C7368CF00F50728 /* MyPageView.swift */,
			);
			path = View;
			sourceTree = "<group>";
		};
		D5281E122C73681900F50728 /* ViewModel */ = {
			isa = PBXGroup;
			children = (
				D55838122C74B13200A7B961 /* MainViewModel.swift */,
			);
			path = ViewModel;
			sourceTree = "<group>";
		};
		D5281E1B2C7368E100F50728 /* Extension */ = {
			isa = PBXGroup;
			children = (
				D5281E1C2C7368F100F50728 /* Extension+View.swift */,
			);
			path = Extension;
			sourceTree = "<group>";
		};
		D5281E1E2C73690600F50728 /* Util */ = {
			isa = PBXGroup;
			children = (
				D5281E1F2C73692100F50728 /* Toast.swift */,
				D18FC4C12C8A786500D1FAE1 /* ImageStorageManager.swift */,
			);
			path = Util;
			sourceTree = "<group>";
		};
/* End PBXGroup section */

/* Begin PBXNativeTarget section */
		D5281DFE2C7365D900F50728 /* TodoTodo */ = {
			isa = PBXNativeTarget;
			buildConfigurationList = D5281E0D2C7365DA00F50728 /* Build configuration list for PBXNativeTarget "TodoTodo" */;
			buildPhases = (
				D5281DFB2C7365D900F50728 /* Sources */,
				D5281DFC2C7365D900F50728 /* Frameworks */,
				D5281DFD2C7365D900F50728 /* Resources */,
			);
			buildRules = (
			);
			dependencies = (
			);
			name = TodoTodo;
			productName = TodoTodo;
			productReference = D5281DFF2C7365D900F50728 /* TodoTodo.app */;
			productType = "com.apple.product-type.application";
		};
/* End PBXNativeTarget section */

/* Begin PBXProject section */
		D5281DF72C7365D900F50728 /* Project object */ = {
			isa = PBXProject;
			attributes = {
				BuildIndependentTargetsInParallel = 1;
				LastSwiftUpdateCheck = 1510;
				LastUpgradeCheck = 1510;
				TargetAttributes = {
					D5281DFE2C7365D900F50728 = {
						CreatedOnToolsVersion = 15.1;
					};
				};
			};
			buildConfigurationList = D5281DFA2C7365D900F50728 /* Build configuration list for PBXProject "TodoTodo" */;
			compatibilityVersion = "Xcode 14.0";
			developmentRegion = en;
			hasScannedForEncodings = 0;
			knownRegions = (
				en,
				Base,
			);
			mainGroup = D5281DF62C7365D900F50728;
			productRefGroup = D5281E002C7365D900F50728 /* Products */;
			projectDirPath = "";
			projectRoot = "";
			targets = (
				D5281DFE2C7365D900F50728 /* TodoTodo */,
			);
		};
/* End PBXProject section */

/* Begin PBXResourcesBuildPhase section */
		D5281DFD2C7365D900F50728 /* Resources */ = {
			isa = PBXResourcesBuildPhase;
			buildActionMask = 2147483647;
			files = (
				D5281E0A2C7365DA00F50728 /* Preview Assets.xcassets in Resources */,
				D5281E072C7365DA00F50728 /* Assets.xcassets in Resources */,
			);
			runOnlyForDeploymentPostprocessing = 0;
		};
/* End PBXResourcesBuildPhase section */

/* Begin PBXSourcesBuildPhase section */
		D5281DFB2C7365D900F50728 /* Sources */ = {
			isa = PBXSourcesBuildPhase;
			buildActionMask = 2147483647;
			files = (
				D55838152C74B35100A7B961 /* TodoItem.swift in Sources */,
				D5281E052C7365D900F50728 /* ContentView.swift in Sources */,
				D5281E202C73692100F50728 /* Toast.swift in Sources */,
				D5281E162C73685100F50728 /* BottomNaviView.swift in Sources */,
				D5281E142C73683D00F50728 /* MainView.swift in Sources */,
				D5281E1D2C7368F100F50728 /* Extension+View.swift in Sources */,
				D5281E032C7365D900F50728 /* TodoTodoApp.swift in Sources */,
				D5281E182C73686B00F50728 /* AddTodoView.swift in Sources */,
				D5281E1A2C7368D000F50728 /* MyPageView.swift in Sources */,
				D55838132C74B13200A7B961 /* MainViewModel.swift in Sources */,
				D18FC4C22C8A786500D1FAE1 /* ImageStorageManager.swift in Sources */,
			);
			runOnlyForDeploymentPostprocessing = 0;
		};
/* End PBXSourcesBuildPhase section */

/* Begin XCBuildConfiguration section */
		D5281E0B2C7365DA00F50728 /* Debug */ = {
			isa = XCBuildConfiguration;
			buildSettings = {
				ALWAYS_SEARCH_USER_PATHS = NO;
				ASSETCATALOG_COMPILER_GENERATE_SWIFT_ASSET_SYMBOL_EXTENSIONS = YES;
				CLANG_ANALYZER_NONNULL = YES;
				CLANG_ANALYZER_NUMBER_OBJECT_CONVERSION = YES_AGGRESSIVE;
				CLANG_CXX_LANGUAGE_STANDARD = "gnu++20";
				CLANG_ENABLE_MODULES = YES;
				CLANG_ENABLE_OBJC_ARC = YES;
				CLANG_ENABLE_OBJC_WEAK = YES;
				CLANG_WARN_BLOCK_CAPTURE_AUTORELEASING = YES;
				CLANG_WARN_BOOL_CONVERSION = YES;
				CLANG_WARN_COMMA = YES;
				CLANG_WARN_CONSTANT_CONVERSION = YES;
				CLANG_WARN_DEPRECATED_OBJC_IMPLEMENTATIONS = YES;
				CLANG_WARN_DIRECT_OBJC_ISA_USAGE = YES_ERROR;
				CLANG_WARN_DOCUMENTATION_COMMENTS = YES;
				CLANG_WARN_EMPTY_BODY = YES;
				CLANG_WARN_ENUM_CONVERSION = YES;
				CLANG_WARN_INFINITE_RECURSION = YES;
				CLANG_WARN_INT_CONVERSION = YES;
				CLANG_WARN_NON_LITERAL_NULL_CONVERSION = YES;
				CLANG_WARN_OBJC_IMPLICIT_RETAIN_SELF = YES;
				CLANG_WARN_OBJC_LITERAL_CONVERSION = YES;
				CLANG_WARN_OBJC_ROOT_CLASS = YES_ERROR;
				CLANG_WARN_QUOTED_INCLUDE_IN_FRAMEWORK_HEADER = YES;
				CLANG_WARN_RANGE_LOOP_ANALYSIS = YES;
				CLANG_WARN_STRICT_PROTOTYPES = YES;
				CLANG_WARN_SUSPICIOUS_MOVE = YES;
				CLANG_WARN_UNGUARDED_AVAILABILITY = YES_AGGRESSIVE;
				CLANG_WARN_UNREACHABLE_CODE = YES;
				CLANG_WARN__DUPLICATE_METHOD_MATCH = YES;
				COPY_PHASE_STRIP = NO;
				DEBUG_INFORMATION_FORMAT = dwarf;
				ENABLE_STRICT_OBJC_MSGSEND = YES;
				ENABLE_TESTABILITY = YES;
				ENABLE_USER_SCRIPT_SANDBOXING = YES;
				GCC_C_LANGUAGE_STANDARD = gnu17;
				GCC_DYNAMIC_NO_PIC = NO;
				GCC_NO_COMMON_BLOCKS = YES;
				GCC_OPTIMIZATION_LEVEL = 0;
				GCC_PREPROCESSOR_DEFINITIONS = (
					"DEBUG=1",
					"$(inherited)",
				);
				GCC_WARN_64_TO_32_BIT_CONVERSION = YES;
				GCC_WARN_ABOUT_RETURN_TYPE = YES_ERROR;
				GCC_WARN_UNDECLARED_SELECTOR = YES;
				GCC_WARN_UNINITIALIZED_AUTOS = YES_AGGRESSIVE;
				GCC_WARN_UNUSED_FUNCTION = YES;
				GCC_WARN_UNUSED_VARIABLE = YES;
				IPHONEOS_DEPLOYMENT_TARGET = 15.0;
				LOCALIZATION_PREFERS_STRING_CATALOGS = YES;
				MTL_ENABLE_DEBUG_INFO = INCLUDE_SOURCE;
				MTL_FAST_MATH = YES;
				ONLY_ACTIVE_ARCH = YES;
				SDKROOT = iphoneos;
				SWIFT_ACTIVE_COMPILATION_CONDITIONS = "DEBUG $(inherited)";
				SWIFT_OPTIMIZATION_LEVEL = "-Onone";
			};
			name = Debug;
		};
		D5281E0C2C7365DA00F50728 /* Release */ = {
			isa = XCBuildConfiguration;
			buildSettings = {
				ALWAYS_SEARCH_USER_PATHS = NO;
				ASSETCATALOG_COMPILER_GENERATE_SWIFT_ASSET_SYMBOL_EXTENSIONS = YES;
				CLANG_ANALYZER_NONNULL = YES;
				CLANG_ANALYZER_NUMBER_OBJECT_CONVERSION = YES_AGGRESSIVE;
				CLANG_CXX_LANGUAGE_STANDARD = "gnu++20";
				CLANG_ENABLE_MODULES = YES;
				CLANG_ENABLE_OBJC_ARC = YES;
				CLANG_ENABLE_OBJC_WEAK = YES;
				CLANG_WARN_BLOCK_CAPTURE_AUTORELEASING = YES;
				CLANG_WARN_BOOL_CONVERSION = YES;
				CLANG_WARN_COMMA = YES;
				CLANG_WARN_CONSTANT_CONVERSION = YES;
				CLANG_WARN_DEPRECATED_OBJC_IMPLEMENTATIONS = YES;
				CLANG_WARN_DIRECT_OBJC_ISA_USAGE = YES_ERROR;
				CLANG_WARN_DOCUMENTATION_COMMENTS = YES;
				CLANG_WARN_EMPTY_BODY = YES;
				CLANG_WARN_ENUM_CONVERSION = YES;
				CLANG_WARN_INFINITE_RECURSION = YES;
				CLANG_WARN_INT_CONVERSION = YES;
				CLANG_WARN_NON_LITERAL_NULL_CONVERSION = YES;
				CLANG_WARN_OBJC_IMPLICIT_RETAIN_SELF = YES;
				CLANG_WARN_OBJC_LITERAL_CONVERSION = YES;
				CLANG_WARN_OBJC_ROOT_CLASS = YES_ERROR;
				CLANG_WARN_QUOTED_INCLUDE_IN_FRAMEWORK_HEADER = YES;
				CLANG_WARN_RANGE_LOOP_ANALYSIS = YES;
				CLANG_WARN_STRICT_PROTOTYPES = YES;
				CLANG_WARN_SUSPICIOUS_MOVE = YES;
				CLANG_WARN_UNGUARDED_AVAILABILITY = YES_AGGRESSIVE;
				CLANG_WARN_UNREACHABLE_CODE = YES;
				CLANG_WARN__DUPLICATE_METHOD_MATCH = YES;
				COPY_PHASE_STRIP = NO;
				DEBUG_INFORMATION_FORMAT = "dwarf-with-dsym";
				ENABLE_NS_ASSERTIONS = NO;
				ENABLE_STRICT_OBJC_MSGSEND = YES;
				ENABLE_USER_SCRIPT_SANDBOXING = YES;
				GCC_C_LANGUAGE_STANDARD = gnu17;
				GCC_NO_COMMON_BLOCKS = YES;
				GCC_WARN_64_TO_32_BIT_CONVERSION = YES;
				GCC_WARN_ABOUT_RETURN_TYPE = YES_ERROR;
				GCC_WARN_UNDECLARED_SELECTOR = YES;
				GCC_WARN_UNINITIALIZED_AUTOS = YES_AGGRESSIVE;
				GCC_WARN_UNUSED_FUNCTION = YES;
				GCC_WARN_UNUSED_VARIABLE = YES;
				IPHONEOS_DEPLOYMENT_TARGET = 15.0;
				LOCALIZATION_PREFERS_STRING_CATALOGS = YES;
				MTL_ENABLE_DEBUG_INFO = NO;
				MTL_FAST_MATH = YES;
				SDKROOT = iphoneos;
				SWIFT_COMPILATION_MODE = wholemodule;
				VALIDATE_PRODUCT = YES;
			};
			name = Release;
		};
		D5281E0E2C7365DA00F50728 /* Debug */ = {
			isa = XCBuildConfiguration;
			buildSettings = {
				ASSETCATALOG_COMPILER_APPICON_NAME = AppIcon;
				ASSETCATALOG_COMPILER_GLOBAL_ACCENT_COLOR_NAME = AccentColor;
				CODE_SIGN_STYLE = Automatic;
				CURRENT_PROJECT_VERSION = 1;
				DEVELOPMENT_ASSET_PATHS = "\"TodoTodo/Preview Content\"";
                DEVELOPMENT_TEAM = 5MH57K7U7U;
				ENABLE_PREVIEWS = YES;
				GENERATE_INFOPLIST_FILE = YES;
				INFOPLIST_FILE = TodoTodo/Info.plist;
				INFOPLIST_KEY_NSCameraUsageDescription = "$(PRODUCT_NAME)에서 카메라에 접근하려고 합니다.";
				INFOPLIST_KEY_NSPhotoLibraryUsageDescription = "$(PRODUCT_NAME)에서 앨범에 접근하려고 합니다.";
				INFOPLIST_KEY_UIApplicationSceneManifest_Generation = YES;
				INFOPLIST_KEY_UIApplicationSupportsIndirectInputEvents = YES;
				INFOPLIST_KEY_UILaunchScreen_Generation = YES;
				INFOPLIST_KEY_UISupportedInterfaceOrientations_iPad = "UIInterfaceOrientationPortrait UIInterfaceOrientationPortraitUpsideDown UIInterfaceOrientationLandscapeLeft UIInterfaceOrientationLandscapeRight";
				INFOPLIST_KEY_UISupportedInterfaceOrientations_iPhone = "UIInterfaceOrientationPortrait UIInterfaceOrientationLandscapeLeft UIInterfaceOrientationLandscapeRight";
				IPHONEOS_DEPLOYMENT_TARGET = 15.0;
				LD_RUNPATH_SEARCH_PATHS = (
					"$(inherited)",
					"@executable_path/Frameworks",
				);
				MARKETING_VERSION = 1.0;
				PRODUCT_BUNDLE_IDENTIFIER = juhee.TodoTodo;
				PRODUCT_NAME = "$(TARGET_NAME)";
				SWIFT_EMIT_LOC_STRINGS = YES;
				SWIFT_VERSION = 5.0;
				TARGETED_DEVICE_FAMILY = "1,2";
			};
			name = Debug;
		};
		D5281E0F2C7365DA00F50728 /* Release */ = {
			isa = XCBuildConfiguration;
			buildSettings = {
				ASSETCATALOG_COMPILER_APPICON_NAME = AppIcon;
				ASSETCATALOG_COMPILER_GLOBAL_ACCENT_COLOR_NAME = AccentColor;
				CODE_SIGN_STYLE = Automatic;
				CURRENT_PROJECT_VERSION = 1;
				DEVELOPMENT_ASSET_PATHS = "\"TodoTodo/Preview Content\"";
                DEVELOPMENT_TEAM = 5MH57K7U7U;
				ENABLE_PREVIEWS = YES;
				GENERATE_INFOPLIST_FILE = YES;
				INFOPLIST_FILE = TodoTodo/Info.plist;
				INFOPLIST_KEY_NSCameraUsageDescription = "$(PRODUCT_NAME)에서 카메라에 접근하려고 합니다.";
				INFOPLIST_KEY_NSPhotoLibraryUsageDescription = "$(PRODUCT_NAME)에서 앨범에 접근하려고 합니다.";
				INFOPLIST_KEY_UIApplicationSceneManifest_Generation = YES;
				INFOPLIST_KEY_UIApplicationSupportsIndirectInputEvents = YES;
				INFOPLIST_KEY_UILaunchScreen_Generation = YES;
				INFOPLIST_KEY_UISupportedInterfaceOrientations_iPad = "UIInterfaceOrientationPortrait UIInterfaceOrientationPortraitUpsideDown UIInterfaceOrientationLandscapeLeft UIInterfaceOrientationLandscapeRight";
				INFOPLIST_KEY_UISupportedInterfaceOrientations_iPhone = "UIInterfaceOrientationPortrait UIInterfaceOrientationLandscapeLeft UIInterfaceOrientationLandscapeRight";
				IPHONEOS_DEPLOYMENT_TARGET = 15.0;
				LD_RUNPATH_SEARCH_PATHS = (
					"$(inherited)",
					"@executable_path/Frameworks",
				);
				MARKETING_VERSION = 1.0;
				PRODUCT_BUNDLE_IDENTIFIER = juhee.TodoTodo;
				PRODUCT_NAME = "$(TARGET_NAME)";
				SWIFT_EMIT_LOC_STRINGS = YES;
				SWIFT_VERSION = 5.0;
				TARGETED_DEVICE_FAMILY = "1,2";
			};
			name = Release;
		};
/* End XCBuildConfiguration section */

/* Begin XCConfigurationList section */
		D5281DFA2C7365D900F50728 /* Build configuration list for PBXProject "TodoTodo" */ = {
			isa = XCConfigurationList;
			buildConfigurations = (
				D5281E0B2C7365DA00F50728 /* Debug */,
				D5281E0C2C7365DA00F50728 /* Release */,
			);
			defaultConfigurationIsVisible = 0;
			defaultConfigurationName = Release;
		};
		D5281E0D2C7365DA00F50728 /* Build configuration list for PBXNativeTarget "TodoTodo" */ = {
			isa = XCConfigurationList;
			buildConfigurations = (
				D5281E0E2C7365DA00F50728 /* Debug */,
				D5281E0F2C7365DA00F50728 /* Release */,
			);
			defaultConfigurationIsVisible = 0;
			defaultConfigurationName = Release;
		};
/* End XCConfigurationList section */
	};
	rootObject = D5281DF72C7365D900F50728 /* Project object */;
}
